dependencies:
  espressif/fmt:
    component_hash: 629fefb141acf0bf838acbf9bac33ad22135b06b6da01f6cc657d59e83d5b213
    dependencies:
    - name: idf
      require: private
      version: '>=4.1'
    source:
      registry_url: https://components.espressif.com/
      type: service
    version: 9.1.0
  idf:
    source:
      type: idf
    version: 5.1.0
direct_dependencies:
- espressif/fmt
- idf
manifest_hash: 0c06fe50fbc56956deaf5c5bb0525aa2270a22250861b6f0369d0e7d9dd39676
target: esp32
version: 2.0.0
