dependencies:
  espressif/fmt:
    component_hash: 629fefb141acf0bf838acbf9bac33ad22135b06b6da01f6cc657d59e83d5b213
    dependencies:
    - name: idf
      require: private
      version: '>=4.1'
    source:
      registry_url: https://components.espressif.com/
      type: service
    version: 9.1.0
  espressif/mdns:
    component_hash: 29e47564b1a7ee778135e17fbbf2a2773f71c97ebabfe626c8eda7c958a7ad16
    dependencies:
    - name: idf
      require: private
      version: '>=5.0'
    source:
      registry_url: https://components.espressif.com/
      type: service
    version: 1.9.1
  idf:
    source:
      type: idf
    version: 5.1.5
direct_dependencies:
- espressif/fmt
- espressif/mdns
- idf
manifest_hash: da31949c30240f2f62d3a8cdca53ab3c700338e50a1ec4ebb66d5389341ce4fe
target: esp32s3
version: 2.0.0
